// !$*UTF8*$!
{
	archiveVersion = 1;
	classes = {
	};
	objectVersion = 50;
	objects = {

/* Begin PBXBuildFile section */
		8A0025FE26D763C700BEEFD3 /* AppDelegate.swift in Sources */ = {isa = PBXBuildFile; fileRef = 8A0025FD26D763C700BEEFD3 /* AppDelegate.swift */; };
		8A00260026D763C700BEEFD3 /* SceneDelegate.swift in Sources */ = {isa = PBXBuildFile; fileRef = 8A0025FF26D763C700BEEFD3 /* SceneDelegate.swift */; };
		8A00260526D763C700BEEFD3 /* Main.storyboard in Resources */ = {isa = PBXBuildFile; fileRef = 8A00260326D763C700BEEFD3 /* Main.storyboard */; };
		8A00260726D763C700BEEFD3 /* Assets.xcassets in Resources */ = {isa = PBXBuildFile; fileRef = 8A00260626D763C700BEEFD3 /* Assets.xcassets */; };
		8A00260A26D763C700BEEFD3 /* LaunchScreen.storyboard in Resources */ = {isa = PBXBuildFile; fileRef = 8A00260826D763C700BEEFD3 /* LaunchScreen.storyboard */; };
		8A61050326D766BB00D65214 /* BusListViewController.swift in Sources */ = {isa = PBXBuildFile; fileRef = 8A61050226D766BB00D65214 /* BusListViewController.swift */; };
		8A61052926D771A500D65214 /* Bus.swift in Sources */ = {isa = PBXBuildFile; fileRef = 8A61052826D771A500D65214 /* Bus.swift */; };
		8A8BBFDA26E3942B0084184B /* StationDetailViewController.swift in Sources */ = {isa = PBXBuildFile; fileRef = 8A8BBFD926E3942B0084184B /* StationDetailViewController.swift */; };
		8A93126F26DB885F00FF103E /* BusListCell.swift in Sources */ = {isa = PBXBuildFile; fileRef = 8A93126E26DB885F00FF103E /* BusListCell.swift */; };
		8AC8844E26E4E4B7009CA8B3 /* StationDetailCell.swift in Sources */ = {isa = PBXBuildFile; fileRef = 8AC8844D26E4E4B7009CA8B3 /* StationDetailCell.swift */; };
		8AC8845026E4E813009CA8B3 /* BusListRequest.swift in Sources */ = {isa = PBXBuildFile; fileRef = 8AC8844F26E4E813009CA8B3 /* BusListRequest.swift */; };
		8AC8845326E4EC89009CA8B3 /* UserBusInformationModel.swift in Sources */ = {isa = PBXBuildFile; fileRef = 8AC8845226E4EC89009CA8B3 /* UserBusInformationModel.swift */; };
		8AC8FFB326D89792000CACE3 /* BusStationModel.swift in Sources */ = {isa = PBXBuildFile; fileRef = 8AC8FFB226D89792000CACE3 /* BusStationModel.swift */; };
		8AC8FFB526D897C6000CACE3 /* BusStationStore.swift in Sources */ = {isa = PBXBuildFile; fileRef = 8AC8FFB426D897C6000CACE3 /* BusStationStore.swift */; };
		8AF9DE4A26DE6909009FC26D /* AddBusMapViewController.swift in Sources */ = {isa = PBXBuildFile; fileRef = 8AF9DE4926DE6909009FC26D /* AddBusMapViewController.swift */; };
		8AF9DE4B26DE7582009FC26D /* SeoulBusStationData.plist in Resources */ = {isa = PBXBuildFile; fileRef = 8AC8FFAF26D89768000CACE3 /* SeoulBusStationData.plist */; };
/* End PBXBuildFile section */

/* Begin PBXFileReference section */
		8A0025FA26D763C700BEEFD3 /* HelpAttendence.app */ = {isa = PBXFileReference; explicitFileType = wrapper.application; includeInIndex = 0; path = HelpAttendence.app; sourceTree = BUILT_PRODUCTS_DIR; };
		8A0025FD26D763C700BEEFD3 /* AppDelegate.swift */ = {isa = PBXFileReference; lastKnownFileType = sourcecode.swift; path = AppDelegate.swift; sourceTree = "<group>"; };
		8A0025FF26D763C700BEEFD3 /* SceneDelegate.swift */ = {isa = PBXFileReference; lastKnownFileType = sourcecode.swift; path = SceneDelegate.swift; sourceTree = "<group>"; };
		8A00260426D763C700BEEFD3 /* Base */ = {isa = PBXFileReference; lastKnownFileType = file.storyboard; name = Base; path = Base.lproj/Main.storyboard; sourceTree = "<group>"; };
		8A00260626D763C700BEEFD3 /* Assets.xcassets */ = {isa = PBXFileReference; lastKnownFileType = folder.assetcatalog; path = Assets.xcassets; sourceTree = "<group>"; };
		8A00260926D763C700BEEFD3 /* Base */ = {isa = PBXFileReference; lastKnownFileType = file.storyboard; name = Base; path = Base.lproj/LaunchScreen.storyboard; sourceTree = "<group>"; };
		8A00260B26D763C700BEEFD3 /* Info.plist */ = {isa = PBXFileReference; lastKnownFileType = text.plist.xml; path = Info.plist; sourceTree = "<group>"; };
		8A00261126D7645B00BEEFD3 /* ko */ = {isa = PBXFileReference; lastKnownFileType = text.plist.strings; name = ko; path = ko.lproj/Main.strings; sourceTree = "<group>"; };
		8A00261226D7645B00BEEFD3 /* ko */ = {isa = PBXFileReference; lastKnownFileType = text.plist.strings; name = ko; path = ko.lproj/LaunchScreen.strings; sourceTree = "<group>"; };
		8A61050226D766BB00D65214 /* BusListViewController.swift */ = {isa = PBXFileReference; lastKnownFileType = sourcecode.swift; path = BusListViewController.swift; sourceTree = "<group>"; };
		8A61052826D771A500D65214 /* Bus.swift */ = {isa = PBXFileReference; lastKnownFileType = sourcecode.swift; path = Bus.swift; sourceTree = "<group>"; };
		8A8BBFD926E3942B0084184B /* StationDetailViewController.swift */ = {isa = PBXFileReference; lastKnownFileType = sourcecode.swift; path = StationDetailViewController.swift; sourceTree = "<group>"; };
		8A93126E26DB885F00FF103E /* BusListCell.swift */ = {isa = PBXFileReference; lastKnownFileType = sourcecode.swift; path = BusListCell.swift; sourceTree = "<group>"; };
		8AC8844D26E4E4B7009CA8B3 /* StationDetailCell.swift */ = {isa = PBXFileReference; lastKnownFileType = sourcecode.swift; path = StationDetailCell.swift; sourceTree = "<group>"; };
		8AC8844F26E4E813009CA8B3 /* BusListRequest.swift */ = {isa = PBXFileReference; lastKnownFileType = sourcecode.swift; path = BusListRequest.swift; sourceTree = "<group>"; };
		8AC8845126E4EAB5009CA8B3 /* Config.xcconfig */ = {isa = PBXFileReference; lastKnownFileType = text.xcconfig; path = Config.xcconfig; sourceTree = "<group>"; };
		8AC8845226E4EC89009CA8B3 /* UserBusInformationModel.swift */ = {isa = PBXFileReference; lastKnownFileType = sourcecode.swift; path = UserBusInformationModel.swift; sourceTree = "<group>"; };
		8AC8FFAF26D89768000CACE3 /* SeoulBusStationData.plist */ = {isa = PBXFileReference; fileEncoding = 4; lastKnownFileType = text.plist.xml; path = SeoulBusStationData.plist; sourceTree = "<group>"; };
		8AC8FFB226D89792000CACE3 /* BusStationModel.swift */ = {isa = PBXFileReference; lastKnownFileType = sourcecode.swift; path = BusStationModel.swift; sourceTree = "<group>"; };
		8AC8FFB426D897C6000CACE3 /* BusStationStore.swift */ = {isa = PBXFileReference; lastKnownFileType = sourcecode.swift; path = BusStationStore.swift; sourceTree = "<group>"; };
		8AF9DE4926DE6909009FC26D /* AddBusMapViewController.swift */ = {isa = PBXFileReference; lastKnownFileType = sourcecode.swift; path = AddBusMapViewController.swift; sourceTree = "<group>"; };
/* End PBXFileReference section */

/* Begin PBXFrameworksBuildPhase section */
		8A0025F726D763C700BEEFD3 /* Frameworks */ = {
			isa = PBXFrameworksBuildPhase;
			buildActionMask = 2147483647;
			files = (
			);
			runOnlyForDeploymentPostprocessing = 0;
		};
/* End PBXFrameworksBuildPhase section */

/* Begin PBXGroup section */
		8A0025F126D763C700BEEFD3 = {
			isa = PBXGroup;
			children = (
				8A0025FC26D763C700BEEFD3 /* HelpAttendence */,
				8A0025FB26D763C700BEEFD3 /* Products */,
			);
			sourceTree = "<group>";
		};
		8A0025FB26D763C700BEEFD3 /* Products */ = {
			isa = PBXGroup;
			children = (
				8A0025FA26D763C700BEEFD3 /* HelpAttendence.app */,
			);
			name = Products;
			sourceTree = "<group>";
		};
		8A0025FC26D763C700BEEFD3 /* HelpAttendence */ = {
			isa = PBXGroup;
			children = (
				8AFA2D4826D95053004B19A5 /* AppDelegates */,
				8A61052726D7719700D65214 /* Models */,
				8A61052626D7714900D65214 /* Controllers */,
				8AFA2D4926D9506A004B19A5 /* Views */,
				8AC8FFB126D89770000CACE3 /* Resources */,
			);
			path = HelpAttendence;
			sourceTree = "<group>";
		};
		8A61052626D7714900D65214 /* Controllers */ = {
			isa = PBXGroup;
			children = (
				8A61050226D766BB00D65214 /* BusListViewController.swift */,
				8AF9DE4926DE6909009FC26D /* AddBusMapViewController.swift */,
				8A8BBFD926E3942B0084184B /* StationDetailViewController.swift */,
			);
			path = Controllers;
			sourceTree = "<group>";
		};
		8A61052726D7719700D65214 /* Models */ = {
			isa = PBXGroup;
			children = (
				8A61052826D771A500D65214 /* Bus.swift */,
				8AC8845226E4EC89009CA8B3 /* UserBusInformationModel.swift */,
				8AC8FFB226D89792000CACE3 /* BusStationModel.swift */,
				8AC8FFB426D897C6000CACE3 /* BusStationStore.swift */,
				8AC8844F26E4E813009CA8B3 /* BusListRequest.swift */,
			);
			path = Models;
			sourceTree = "<group>";
		};
		8AC8FFB126D89770000CACE3 /* Resources */ = {
			isa = PBXGroup;
			children = (
				8AC8FFAF26D89768000CACE3 /* SeoulBusStationData.plist */,
				8A00260B26D763C700BEEFD3 /* Info.plist */,
				8A00260626D763C700BEEFD3 /* Assets.xcassets */,
				8AC8845126E4EAB5009CA8B3 /* Config.xcconfig */,
			);
			path = Resources;
			sourceTree = "<group>";
		};
		8AFA2D4826D95053004B19A5 /* AppDelegates */ = {
			isa = PBXGroup;
			children = (
				8A0025FD26D763C700BEEFD3 /* AppDelegate.swift */,
				8A0025FF26D763C700BEEFD3 /* SceneDelegate.swift */,
			);
			path = AppDelegates;
			sourceTree = "<group>";
		};
		8AFA2D4926D9506A004B19A5 /* Views */ = {
			isa = PBXGroup;
			children = (
				8A93126E26DB885F00FF103E /* BusListCell.swift */,
				8AC8844D26E4E4B7009CA8B3 /* StationDetailCell.swift */,
				8A00260326D763C700BEEFD3 /* Main.storyboard */,
				8A00260826D763C700BEEFD3 /* LaunchScreen.storyboard */,
			);
			path = Views;
			sourceTree = "<group>";
		};
/* End PBXGroup section */

/* Begin PBXNativeTarget section */
		8A0025F926D763C700BEEFD3 /* HelpAttendence */ = {
			isa = PBXNativeTarget;
			buildConfigurationList = 8A00260E26D763C700BEEFD3 /* Build configuration list for PBXNativeTarget "HelpAttendence" */;
			buildPhases = (
				8A0025F626D763C700BEEFD3 /* Sources */,
				8A0025F726D763C700BEEFD3 /* Frameworks */,
				8A0025F826D763C700BEEFD3 /* Resources */,
			);
			buildRules = (
			);
			dependencies = (
			);
			name = HelpAttendence;
			productName = HelpAttendence;
			productReference = 8A0025FA26D763C700BEEFD3 /* HelpAttendence.app */;
			productType = "com.apple.product-type.application";
		};
/* End PBXNativeTarget section */

/* Begin PBXProject section */
		8A0025F226D763C700BEEFD3 /* Project object */ = {
			isa = PBXProject;
			attributes = {
				KnownAssetTags = (
					New,
				);
				LastSwiftUpdateCheck = 1250;
				LastUpgradeCheck = 1250;
				TargetAttributes = {
					8A0025F926D763C700BEEFD3 = {
						CreatedOnToolsVersion = 12.5.1;
					};
				};
			};
			buildConfigurationList = 8A0025F526D763C700BEEFD3 /* Build configuration list for PBXProject "HelpAttendence" */;
			compatibilityVersion = "Xcode 9.3";
			developmentRegion = ko;
			hasScannedForEncodings = 0;
			knownRegions = (
				en,
				Base,
				ko,
			);
			mainGroup = 8A0025F126D763C700BEEFD3;
			productRefGroup = 8A0025FB26D763C700BEEFD3 /* Products */;
			projectDirPath = "";
			projectRoot = "";
			targets = (
				8A0025F926D763C700BEEFD3 /* HelpAttendence */,
			);
		};
/* End PBXProject section */

/* Begin PBXResourcesBuildPhase section */
		8A0025F826D763C700BEEFD3 /* Resources */ = {
			isa = PBXResourcesBuildPhase;
			buildActionMask = 2147483647;
			files = (
				8AF9DE4B26DE7582009FC26D /* SeoulBusStationData.plist in Resources */,
				8A00260A26D763C700BEEFD3 /* LaunchScreen.storyboard in Resources */,
				8A00260726D763C700BEEFD3 /* Assets.xcassets in Resources */,
				8A00260526D763C700BEEFD3 /* Main.storyboard in Resources */,
			);
			runOnlyForDeploymentPostprocessing = 0;
		};
/* End PBXResourcesBuildPhase section */

/* Begin PBXSourcesBuildPhase section */
		8A0025F626D763C700BEEFD3 /* Sources */ = {
			isa = PBXSourcesBuildPhase;
			buildActionMask = 2147483647;
			files = (
				8AC8844E26E4E4B7009CA8B3 /* StationDetailCell.swift in Sources */,
				8AF9DE4A26DE6909009FC26D /* AddBusMapViewController.swift in Sources */,
				8AC8FFB326D89792000CACE3 /* BusStationModel.swift in Sources */,
				8A93126F26DB885F00FF103E /* BusListCell.swift in Sources */,
				8AC8FFB526D897C6000CACE3 /* BusStationStore.swift in Sources */,
				8A61050326D766BB00D65214 /* BusListViewController.swift in Sources */,
				8A0025FE26D763C700BEEFD3 /* AppDelegate.swift in Sources */,
				8A8BBFDA26E3942B0084184B /* StationDetailViewController.swift in Sources */,
				8AC8845326E4EC89009CA8B3 /* UserBusInformationModel.swift in Sources */,
				8A00260026D763C700BEEFD3 /* SceneDelegate.swift in Sources */,
				8A61052926D771A500D65214 /* Bus.swift in Sources */,
				8AC8845026E4E813009CA8B3 /* BusListRequest.swift in Sources */,
			);
			runOnlyForDeploymentPostprocessing = 0;
		};
/* End PBXSourcesBuildPhase section */

/* Begin PBXVariantGroup section */
		8A00260326D763C700BEEFD3 /* Main.storyboard */ = {
			isa = PBXVariantGroup;
			children = (
				8A00260426D763C700BEEFD3 /* Base */,
				8A00261126D7645B00BEEFD3 /* ko */,
			);
			name = Main.storyboard;
			sourceTree = "<group>";
		};
		8A00260826D763C700BEEFD3 /* LaunchScreen.storyboard */ = {
			isa = PBXVariantGroup;
			children = (
				8A00260926D763C700BEEFD3 /* Base */,
				8A00261226D7645B00BEEFD3 /* ko */,
			);
			name = LaunchScreen.storyboard;
			sourceTree = "<group>";
		};
/* End PBXVariantGroup section */

/* Begin XCBuildConfiguration section */
		8A00260C26D763C700BEEFD3 /* Debug */ = {
			isa = XCBuildConfiguration;
			baseConfigurationReference = 8AC8845126E4EAB5009CA8B3 /* Config.xcconfig */;
			buildSettings = {
				ALWAYS_SEARCH_USER_PATHS = NO;
				CLANG_ANALYZER_LOCALIZABILITY_NONLOCALIZED = YES;
				CLANG_ANALYZER_NONNULL = YES;
				CLANG_ANALYZER_NUMBER_OBJECT_CONVERSION = YES_AGGRESSIVE;
				CLANG_CXX_LANGUAGE_STANDARD = "gnu++14";
				CLANG_CXX_LIBRARY = "libc++";
				CLANG_ENABLE_MODULES = YES;
				CLANG_ENABLE_OBJC_ARC = YES;
				CLANG_ENABLE_OBJC_WEAK = YES;
				CLANG_WARN_BLOCK_CAPTURE_AUTORELEASING = YES;
				CLANG_WARN_BOOL_CONVERSION = YES;
				CLANG_WARN_COMMA = YES;
				CLANG_WARN_CONSTANT_CONVERSION = YES;
				CLANG_WARN_DEPRECATED_OBJC_IMPLEMENTATIONS = YES;
				CLANG_WARN_DIRECT_OBJC_ISA_USAGE = YES_ERROR;
				CLANG_WARN_DOCUMENTATION_COMMENTS = YES;
				CLANG_WARN_EMPTY_BODY = YES;
				CLANG_WARN_ENUM_CONVERSION = YES;
				CLANG_WARN_INFINITE_RECURSION = YES;
				CLANG_WARN_INT_CONVERSION = YES;
				CLANG_WARN_NON_LITERAL_NULL_CONVERSION = YES;
				CLANG_WARN_OBJC_IMPLICIT_RETAIN_SELF = YES;
				CLANG_WARN_OBJC_LITERAL_CONVERSION = YES;
				CLANG_WARN_OBJC_ROOT_CLASS = YES_ERROR;
				CLANG_WARN_QUOTED_INCLUDE_IN_FRAMEWORK_HEADER = YES;
				CLANG_WARN_RANGE_LOOP_ANALYSIS = YES;
				CLANG_WARN_STRICT_PROTOTYPES = YES;
				CLANG_WARN_SUSPICIOUS_MOVE = YES;
				CLANG_WARN_UNGUARDED_AVAILABILITY = YES_AGGRESSIVE;
				CLANG_WARN_UNREACHABLE_CODE = YES;
				CLANG_WARN__DUPLICATE_METHOD_MATCH = YES;
				COPY_PHASE_STRIP = NO;
				DEBUG_INFORMATION_FORMAT = dwarf;
				ENABLE_STRICT_OBJC_MSGSEND = YES;
				ENABLE_TESTABILITY = YES;
				GCC_C_LANGUAGE_STANDARD = gnu11;
				GCC_DYNAMIC_NO_PIC = NO;
				GCC_NO_COMMON_BLOCKS = YES;
				GCC_OPTIMIZATION_LEVEL = 0;
				GCC_PREPROCESSOR_DEFINITIONS = (
					"DEBUG=1",
					"$(inherited)",
				);
				GCC_WARN_64_TO_32_BIT_CONVERSION = YES;
				GCC_WARN_ABOUT_RETURN_TYPE = YES_ERROR;
				GCC_WARN_UNDECLARED_SELECTOR = YES;
				GCC_WARN_UNINITIALIZED_AUTOS = YES_AGGRESSIVE;
				GCC_WARN_UNUSED_FUNCTION = YES;
				GCC_WARN_UNUSED_VARIABLE = YES;
				IPHONEOS_DEPLOYMENT_TARGET = 14.5;
				MTL_ENABLE_DEBUG_INFO = INCLUDE_SOURCE;
				MTL_FAST_MATH = YES;
				ONLY_ACTIVE_ARCH = YES;
				SDKROOT = iphoneos;
				SWIFT_ACTIVE_COMPILATION_CONDITIONS = DEBUG;
				SWIFT_OPTIMIZATION_LEVEL = "-Onone";
			};
			name = Debug;
		};
		8A00260D26D763C700BEEFD3 /* Release */ = {
			isa = XCBuildConfiguration;
			baseConfigurationReference = 8AC8845126E4EAB5009CA8B3 /* Config.xcconfig */;
			buildSettings = {
				ALWAYS_SEARCH_USER_PATHS = NO;
				CLANG_ANALYZER_LOCALIZABILITY_NONLOCALIZED = YES;
				CLANG_ANALYZER_NONNULL = YES;
				CLANG_ANALYZER_NUMBER_OBJECT_CONVERSION = YES_AGGRESSIVE;
				CLANG_CXX_LANGUAGE_STANDARD = "gnu++14";
				CLANG_CXX_LIBRARY = "libc++";
				CLANG_ENABLE_MODULES = YES;
				CLANG_ENABLE_OBJC_ARC = YES;
				CLANG_ENABLE_OBJC_WEAK = YES;
				CLANG_WARN_BLOCK_CAPTURE_AUTORELEASING = YES;
				CLANG_WARN_BOOL_CONVERSION = YES;
				CLANG_WARN_COMMA = YES;
				CLANG_WARN_CONSTANT_CONVERSION = YES;
				CLANG_WARN_DEPRECATED_OBJC_IMPLEMENTATIONS = YES;
				CLANG_WARN_DIRECT_OBJC_ISA_USAGE = YES_ERROR;
				CLANG_WARN_DOCUMENTATION_COMMENTS = YES;
				CLANG_WARN_EMPTY_BODY = YES;
				CLANG_WARN_ENUM_CONVERSION = YES;
				CLANG_WARN_INFINITE_RECURSION = YES;
				CLANG_WARN_INT_CONVERSION = YES;
				CLANG_WARN_NON_LITERAL_NULL_CONVERSION = YES;
				CLANG_WARN_OBJC_IMPLICIT_RETAIN_SELF = YES;
				CLANG_WARN_OBJC_LITERAL_CONVERSION = YES;
				CLANG_WARN_OBJC_ROOT_CLASS = YES_ERROR;
				CLANG_WARN_QUOTED_INCLUDE_IN_FRAMEWORK_HEADER = YES;
				CLANG_WARN_RANGE_LOOP_ANALYSIS = YES;
				CLANG_WARN_STRICT_PROTOTYPES = YES;
				CLANG_WARN_SUSPICIOUS_MOVE = YES;
				CLANG_WARN_UNGUARDED_AVAILABILITY = YES_AGGRESSIVE;
				CLANG_WARN_UNREACHABLE_CODE = YES;
				CLANG_WARN__DUPLICATE_METHOD_MATCH = YES;
				COPY_PHASE_STRIP = NO;
				DEBUG_INFORMATION_FORMAT = "dwarf-with-dsym";
				ENABLE_NS_ASSERTIONS = NO;
				ENABLE_STRICT_OBJC_MSGSEND = YES;
				GCC_C_LANGUAGE_STANDARD = gnu11;
				GCC_NO_COMMON_BLOCKS = YES;
				GCC_WARN_64_TO_32_BIT_CONVERSION = YES;
				GCC_WARN_ABOUT_RETURN_TYPE = YES_ERROR;
				GCC_WARN_UNDECLARED_SELECTOR = YES;
				GCC_WARN_UNINITIALIZED_AUTOS = YES_AGGRESSIVE;
				GCC_WARN_UNUSED_FUNCTION = YES;
				GCC_WARN_UNUSED_VARIABLE = YES;
				IPHONEOS_DEPLOYMENT_TARGET = 14.5;
				MTL_ENABLE_DEBUG_INFO = NO;
				MTL_FAST_MATH = YES;
				SDKROOT = iphoneos;
				SWIFT_COMPILATION_MODE = wholemodule;
				SWIFT_OPTIMIZATION_LEVEL = "-O";
				VALIDATE_PRODUCT = YES;
			};
			name = Release;
		};
		8A00260F26D763C700BEEFD3 /* Debug */ = {
			isa = XCBuildConfiguration;
			buildSettings = {
				ASSETCATALOG_COMPILER_APPICON_NAME = AppIcon;
				ASSETCATALOG_COMPILER_GLOBAL_ACCENT_COLOR_NAME = AccentColor;
				CODE_SIGN_STYLE = Automatic;
				DEVELOPMENT_TEAM = XJXA3BQDMJ;
				INFOPLIST_FILE = HelpAttendence/Resources/Info.plist;
				IPHONEOS_DEPLOYMENT_TARGET = 14.5;
				LD_RUNPATH_SEARCH_PATHS = (
					"$(inherited)",
					"@executable_path/Frameworks",
				);
				PRODUCT_BUNDLE_IDENTIFIER = GookBob.HelpAttendence;
				PRODUCT_NAME = "$(TARGET_NAME)";
				SWIFT_VERSION = 5.0;
				TARGETED_DEVICE_FAMILY = 1;
			};
			name = Debug;
		};
		8A00261026D763C700BEEFD3 /* Release */ = {
			isa = XCBuildConfiguration;
			buildSettings = {
				ASSETCATALOG_COMPILER_APPICON_NAME = AppIcon;
				ASSETCATALOG_COMPILER_GLOBAL_ACCENT_COLOR_NAME = AccentColor;
				CODE_SIGN_STYLE = Automatic;
				DEVELOPMENT_TEAM = XJXA3BQDMJ;
				INFOPLIST_FILE = HelpAttendence/Resources/Info.plist;
				IPHONEOS_DEPLOYMENT_TARGET = 14.5;
				LD_RUNPATH_SEARCH_PATHS = (
					"$(inherited)",
					"@executable_path/Frameworks",
				);
				PRODUCT_BUNDLE_IDENTIFIER = GookBob.HelpAttendence;
				PRODUCT_NAME = "$(TARGET_NAME)";
				SWIFT_VERSION = 5.0;
				TARGETED_DEVICE_FAMILY = 1;
			};
			name = Release;
		};
/* End XCBuildConfiguration section */

/* Begin XCConfigurationList section */
		8A0025F526D763C700BEEFD3 /* Build configuration list for PBXProject "HelpAttendence" */ = {
			isa = XCConfigurationList;
			buildConfigurations = (
				8A00260C26D763C700BEEFD3 /* Debug */,
				8A00260D26D763C700BEEFD3 /* Release */,
			);
			defaultConfigurationIsVisible = 0;
			defaultConfigurationName = Release;
		};
		8A00260E26D763C700BEEFD3 /* Build configuration list for PBXNativeTarget "HelpAttendence" */ = {
			isa = XCConfigurationList;
			buildConfigurations = (
				8A00260F26D763C700BEEFD3 /* Debug */,
				8A00261026D763C700BEEFD3 /* Release */,
			);
			defaultConfigurationIsVisible = 0;
			defaultConfigurationName = Release;
		};
/* End XCConfigurationList section */
	};
	rootObject = 8A0025F226D763C700BEEFD3 /* Project object */;
}
